
Microsoft Visual Studio Solution File, Format Version 12.00
Project("{FAE04EC0-301F-11D3-BF4B-00C04F79EFBC}") = "AreaСalculator", "AreaСalculator\AreaСalculator.csproj", "{24E8F360-9A71-4852-9FE9-E936E1EE82DA}"
EndProject
Project("{FAE04EC0-301F-11D3-BF4B-00C04F79EFBC}") = "TestAreaCalculator", "TestAreaCalculator\TestAreaCalculator.csproj", "{78A63C4D-D4DB-4063-AD57-1BCA3E769EC2}"
EndProject
Global
	GlobalSection(SolutionConfigurationPlatforms) = preSolution
		Debug|Any CPU = Debug|Any CPU
		Release|Any CPU = Release|Any CPU
	EndGlobalSection
	GlobalSection(ProjectConfigurationPlatforms) = postSolution
		{24E8F360-9A71-4852-9FE9-E936E1EE82DA}.Debug|Any CPU.ActiveCfg = Debug|Any CPU
		{24E8F360-9A71-4852-9FE9-E936E1EE82DA}.Debug|Any CPU.Build.0 = Debug|Any CPU
		{24E8F360-9A71-4852-9FE9-E936E1EE82DA}.Release|Any CPU.ActiveCfg = Release|Any CPU
		{24E8F360-9A71-4852-9FE9-E936E1EE82DA}.Release|Any CPU.Build.0 = Release|Any CPU
		{78A63C4D-D4DB-4063-AD57-1BCA3E769EC2}.Debug|Any CPU.ActiveCfg = Debug|Any CPU
		{78A63C4D-D4DB-4063-AD57-1BCA3E769EC2}.Debug|Any CPU.Build.0 = Debug|Any CPU
		{78A63C4D-D4DB-4063-AD57-1BCA3E769EC2}.Release|Any CPU.ActiveCfg = Release|Any CPU
		{78A63C4D-D4DB-4063-AD57-1BCA3E769EC2}.Release|Any CPU.Build.0 = Release|Any CPU
	EndGlobalSection
EndGlobal
